// !$*UTF8*$!
{
	archiveVersion = 1;
	classes = {
	};
	objectVersion = 46;
	objects = {

/* Begin PBXBuildFile section */
		C24330AC1645958A0039A005 /* ClientCommand.m in Sources */ = {isa = PBXBuildFile; fileRef = C24330AB1645958A0039A005 /* ClientCommand.m */; };
		C24330D31645B3780039A005 /* WriteMessageCommand.m in Sources */ = {isa = PBXBuildFile; fileRef = C24330D21645B3780039A005 /* WriteMessageCommand.m */; };
		C24330D61645B7950039A005 /* MessageCommand.m in Sources */ = {isa = PBXBuildFile; fileRef = C24330D51645B7950039A005 /* MessageCommand.m */; };
		C24330E91645BBC60039A005 /* GenericCommand.m in Sources */ = {isa = PBXBuildFile; fileRef = C24330E81645BBC60039A005 /* GenericCommand.m */; };
		C29FE8CC165BFFB8001A2C0D /* DebugKitFramework.framework in Frameworks */ = {isa = PBXBuildFile; fileRef = C29FE8C0165BFF28001A2C0D /* DebugKitFramework.framework */; };
		C2AB6AB81661922900BC4A2B /* NoOpPacket.m in Sources */ = {isa = PBXBuildFile; fileRef = C2AB6AB71661922900BC4A2B /* NoOpPacket.m */; };
		C2B3B0251655FA9000D0991B /* UIController.m in Sources */ = {isa = PBXBuildFile; fileRef = C2B3B0241655FA9000D0991B /* UIController.m */; };
		C2B3B0441657DBF000D0991B /* .gitignore in Resources */ = {isa = PBXBuildFile; fileRef = C2B3B03E1657DBF000D0991B /* .gitignore */; };
		C2B3B0451657DBF000D0991B /* MASPreferencesWindow.xib in Resources */ = {isa = PBXBuildFile; fileRef = C2B3B0401657DBF000D0991B /* MASPreferencesWindow.xib */; };
		C2B3B0461657DBF000D0991B /* MASPreferencesWindowController.m in Sources */ = {isa = PBXBuildFile; fileRef = C2B3B0421657DBF000D0991B /* MASPreferencesWindowController.m */; };
		C2B3B0471657DBF000D0991B /* README.md in Resources */ = {isa = PBXBuildFile; fileRef = C2B3B0431657DBF000D0991B /* README.md */; };
		C2B3B04B1657DC6D00D0991B /* GeneralViewController.m in Sources */ = {isa = PBXBuildFile; fileRef = C2B3B0491657DC6D00D0991B /* GeneralViewController.m */; };
		C2B3B04C1657DC6D00D0991B /* GeneralViewController.xib in Resources */ = {isa = PBXBuildFile; fileRef = C2B3B04A1657DC6D00D0991B /* GeneralViewController.xib */; };
		C2B3B0501657DC7500D0991B /* AdvancedViewController.m in Sources */ = {isa = PBXBuildFile; fileRef = C2B3B04E1657DC7500D0991B /* AdvancedViewController.m */; };
		C2B3B0511657DC7500D0991B /* AdvancedViewController.xib in Resources */ = {isa = PBXBuildFile; fileRef = C2B3B04F1657DC7500D0991B /* AdvancedViewController.xib */; };
		C2BA824D165B1D1E005C88DE /* NicknameHistory.m in Sources */ = {isa = PBXBuildFile; fileRef = C2BA824C165B1D1E005C88DE /* NicknameHistory.m */; };
		C2CEA773165C041400C30869 /* DebugKitFramework.framework in CopyFiles */ = {isa = PBXBuildFile; fileRef = C29FE8C0165BFF28001A2C0D /* DebugKitFramework.framework */; };
		C2CEA775165C0AB100C30869 /* Blamph-Icon.png in Resources */ = {isa = PBXBuildFile; fileRef = C2CEA774165C0AB100C30869 /* Blamph-Icon.png */; };
		C2F19574163F26E3006D48A4 /* Cocoa.framework in Frameworks */ = {isa = PBXBuildFile; fileRef = C2F1953D163F2628006D48A4 /* Cocoa.framework */; };
		C2F1957A163F26E3006D48A4 /* InfoPlist.strings in Resources */ = {isa = PBXBuildFile; fileRef = C2F19578163F26E3006D48A4 /* InfoPlist.strings */; };
		C2F1957C163F26E3006D48A4 /* main.m in Sources */ = {isa = PBXBuildFile; fileRef = C2F1957B163F26E3006D48A4 /* main.m */; };
		C2F19580163F26E3006D48A4 /* Credits.rtf in Resources */ = {isa = PBXBuildFile; fileRef = C2F1957E163F26E3006D48A4 /* Credits.rtf */; };
		C2F19583163F26E3006D48A4 /* AppDelegate.m in Sources */ = {isa = PBXBuildFile; fileRef = C2F19582163F26E3006D48A4 /* AppDelegate.m */; };
		C2F19586163F26E3006D48A4 /* MainMenu.xib in Resources */ = {isa = PBXBuildFile; fileRef = C2F19584163F26E3006D48A4 /* MainMenu.xib */; };
		C2F1958D163F26E3006D48A4 /* SenTestingKit.framework in Frameworks */ = {isa = PBXBuildFile; fileRef = C286711215A62418005DE3D5 /* SenTestingKit.framework */; };
		C2F1958E163F26E3006D48A4 /* Cocoa.framework in Frameworks */ = {isa = PBXBuildFile; fileRef = C2F1953D163F2628006D48A4 /* Cocoa.framework */; };
		C2F19596163F26E3006D48A4 /* InfoPlist.strings in Resources */ = {isa = PBXBuildFile; fileRef = C2F19594163F26E3006D48A4 /* InfoPlist.strings */; };
		C2F19599163F26E3006D48A4 /* BlamphTests.m in Sources */ = {isa = PBXBuildFile; fileRef = C2F19598163F26E3006D48A4 /* BlamphTests.m */; };
		C2F195AF163F2C8B006D48A4 /* ICBClient.m in Sources */ = {isa = PBXBuildFile; fileRef = C2F195AE163F2C8B006D48A4 /* ICBClient.m */; };
		C2F199E816404A64006D48A4 /* BeepPacket.m in Sources */ = {isa = PBXBuildFile; fileRef = C2F199CF16404A64006D48A4 /* BeepPacket.m */; };
		C2F199E916404A64006D48A4 /* BeepPacket.m in Sources */ = {isa = PBXBuildFile; fileRef = C2F199CF16404A64006D48A4 /* BeepPacket.m */; };
		C2F199EA16404A64006D48A4 /* ErrorPacket.m in Sources */ = {isa = PBXBuildFile; fileRef = C2F199D116404A64006D48A4 /* ErrorPacket.m */; };
		C2F199EB16404A64006D48A4 /* ErrorPacket.m in Sources */ = {isa = PBXBuildFile; fileRef = C2F199D116404A64006D48A4 /* ErrorPacket.m */; };
		C2F199EC16404A64006D48A4 /* ExitPacket.m in Sources */ = {isa = PBXBuildFile; fileRef = C2F199D316404A64006D48A4 /* ExitPacket.m */; };
		C2F199ED16404A64006D48A4 /* ExitPacket.m in Sources */ = {isa = PBXBuildFile; fileRef = C2F199D316404A64006D48A4 /* ExitPacket.m */; };
		C2F199EE16404A64006D48A4 /* ICBPacket.m in Sources */ = {isa = PBXBuildFile; fileRef = C2F199D516404A64006D48A4 /* ICBPacket.m */; };
		C2F199EF16404A64006D48A4 /* ICBPacket.m in Sources */ = {isa = PBXBuildFile; fileRef = C2F199D516404A64006D48A4 /* ICBPacket.m */; };
		C2F199F016404A64006D48A4 /* ICBProtocol-Info.plist in Resources */ = {isa = PBXBuildFile; fileRef = C2F199D616404A64006D48A4 /* ICBProtocol-Info.plist */; };
		C2F199F116404A64006D48A4 /* ICBProtocol-Info.plist in Resources */ = {isa = PBXBuildFile; fileRef = C2F199D616404A64006D48A4 /* ICBProtocol-Info.plist */; };
		C2F199F216404A64006D48A4 /* ICBProtocol.m in Sources */ = {isa = PBXBuildFile; fileRef = C2F199D916404A64006D48A4 /* ICBProtocol.m */; };
		C2F199F316404A64006D48A4 /* ICBProtocol.m in Sources */ = {isa = PBXBuildFile; fileRef = C2F199D916404A64006D48A4 /* ICBProtocol.m */; };
		C2F199F416404A64006D48A4 /* LoginPacket.m in Sources */ = {isa = PBXBuildFile; fileRef = C2F199DB16404A64006D48A4 /* LoginPacket.m */; };
		C2F199F516404A64006D48A4 /* LoginPacket.m in Sources */ = {isa = PBXBuildFile; fileRef = C2F199DB16404A64006D48A4 /* LoginPacket.m */; };
		C2F199F616404A64006D48A4 /* OpenPacket.m in Sources */ = {isa = PBXBuildFile; fileRef = C2F199DD16404A64006D48A4 /* OpenPacket.m */; };
		C2F199F716404A64006D48A4 /* OpenPacket.m in Sources */ = {isa = PBXBuildFile; fileRef = C2F199DD16404A64006D48A4 /* OpenPacket.m */; };
		C2F199F816404A64006D48A4 /* PersonalPacket.m in Sources */ = {isa = PBXBuildFile; fileRef = C2F199DF16404A64006D48A4 /* PersonalPacket.m */; };
		C2F199F916404A64006D48A4 /* PersonalPacket.m in Sources */ = {isa = PBXBuildFile; fileRef = C2F199DF16404A64006D48A4 /* PersonalPacket.m */; };
		C2F199FA16404A64006D48A4 /* PingPacket.m in Sources */ = {isa = PBXBuildFile; fileRef = C2F199E116404A64006D48A4 /* PingPacket.m */; };
		C2F199FB16404A64006D48A4 /* PingPacket.m in Sources */ = {isa = PBXBuildFile; fileRef = C2F199E116404A64006D48A4 /* PingPacket.m */; };
		C2F199FC16404A64006D48A4 /* PongPacket.m in Sources */ = {isa = PBXBuildFile; fileRef = C2F199E316404A64006D48A4 /* PongPacket.m */; };
		C2F199FD16404A64006D48A4 /* PongPacket.m in Sources */ = {isa = PBXBuildFile; fileRef = C2F199E316404A64006D48A4 /* PongPacket.m */; };
		C2F199FE16404A64006D48A4 /* ProtocolPacket.m in Sources */ = {isa = PBXBuildFile; fileRef = C2F199E516404A64006D48A4 /* ProtocolPacket.m */; };
		C2F199FF16404A64006D48A4 /* ProtocolPacket.m in Sources */ = {isa = PBXBuildFile; fileRef = C2F199E516404A64006D48A4 /* ProtocolPacket.m */; };
		C2F19A0016404A64006D48A4 /* StatusPacket.m in Sources */ = {isa = PBXBuildFile; fileRef = C2F199E716404A64006D48A4 /* StatusPacket.m */; };
		C2F19A0116404A64006D48A4 /* StatusPacket.m in Sources */ = {isa = PBXBuildFile; fileRef = C2F199E716404A64006D48A4 /* StatusPacket.m */; };
		C2F19A1F16404BC0006D48A4 /* CommandPacket.m in Sources */ = {isa = PBXBuildFile; fileRef = C2F19A1E16404BC0006D48A4 /* CommandPacket.m */; };
		C2F19A2216404BDC006D48A4 /* CommandOutputPacket.m in Sources */ = {isa = PBXBuildFile; fileRef = C2F19A2116404BDC006D48A4 /* CommandOutputPacket.m */; };
		C2F19A6916449B5B006D48A4 /* DateTimeUtils.m in Sources */ = {isa = PBXBuildFile; fileRef = C2F19A6816449B5B006D48A4 /* DateTimeUtils.m */; };
/* End PBXBuildFile section */

/* Begin PBXContainerItemProxy section */
		C29FE8BF165BFF28001A2C0D /* PBXContainerItemProxy */ = {
			isa = PBXContainerItemProxy;
			containerPortal = C29FE8B5165BFF28001A2C0D /* DebugKit.xcodeproj */;
			proxyType = 2;
			remoteGlobalIDString = C2864811159AC401006B31D4;
			remoteInfo = DebugKitFramework;
		};
		C29FE8C1165BFF28001A2C0D /* PBXContainerItemProxy */ = {
			isa = PBXContainerItemProxy;
			containerPortal = C29FE8B5165BFF28001A2C0D /* DebugKit.xcodeproj */;
			proxyType = 2;
			remoteGlobalIDString = C2864829159AC401006B31D4;
			remoteInfo = DebugKitFrameworkTests;
		};
		C29FE8C3165BFF28001A2C0D /* PBXContainerItemProxy */ = {
			isa = PBXContainerItemProxy;
			containerPortal = C29FE8B5165BFF28001A2C0D /* DebugKit.xcodeproj */;
			proxyType = 2;
			remoteGlobalIDString = C286484F159AC657006B31D4;
			remoteInfo = DebugKitLibrary;
		};
		C29FE8C5165BFF28001A2C0D /* PBXContainerItemProxy */ = {
			isa = PBXContainerItemProxy;
			containerPortal = C29FE8B5165BFF28001A2C0D /* DebugKit.xcodeproj */;
			proxyType = 2;
			remoteGlobalIDString = C286485D159AC657006B31D4;
			remoteInfo = DebugKitLibraryTests;
		};
		C29FE8CA165BFFB4001A2C0D /* PBXContainerItemProxy */ = {
			isa = PBXContainerItemProxy;
			containerPortal = C29FE8B5165BFF28001A2C0D /* DebugKit.xcodeproj */;
			proxyType = 1;
			remoteGlobalIDString = C2864810159AC401006B31D4;
			remoteInfo = DebugKitFramework;
		};
		C2F1958F163F26E3006D48A4 /* PBXContainerItemProxy */ = {
			isa = PBXContainerItemProxy;
			containerPortal = C28670E815A62418005DE3D5 /* Project object */;
			proxyType = 1;
			remoteGlobalIDString = C2F19571163F26E3006D48A4;
			remoteInfo = Blamph;
		};
/* End PBXContainerItemProxy section */

/* Begin PBXCopyFilesBuildPhase section */
		C2CEA772165C040700C30869 /* CopyFiles */ = {
			isa = PBXCopyFilesBuildPhase;
			buildActionMask = 8;
			dstPath = "";
			dstSubfolderSpec = 10;
			files = (
				C2CEA773165C041400C30869 /* DebugKitFramework.framework in CopyFiles */,
			);
			runOnlyForDeploymentPostprocessing = 1;
		};
/* End PBXCopyFilesBuildPhase section */

/* Begin PBXFileReference section */
		C24330AA1645958A0039A005 /* ClientCommand.h */ = {isa = PBXFileReference; fileEncoding = 4; lastKnownFileType = sourcecode.c.h; path = ClientCommand.h; sourceTree = "<group>"; };
		C24330AB1645958A0039A005 /* ClientCommand.m */ = {isa = PBXFileReference; fileEncoding = 4; lastKnownFileType = sourcecode.c.objc; path = ClientCommand.m; sourceTree = "<group>"; };
		C24330D11645B3780039A005 /* WriteMessageCommand.h */ = {isa = PBXFileReference; fileEncoding = 4; lastKnownFileType = sourcecode.c.h; path = WriteMessageCommand.h; sourceTree = "<group>"; };
		C24330D21645B3780039A005 /* WriteMessageCommand.m */ = {isa = PBXFileReference; fileEncoding = 4; lastKnownFileType = sourcecode.c.objc; path = WriteMessageCommand.m; sourceTree = "<group>"; };
		C24330D41645B7950039A005 /* MessageCommand.h */ = {isa = PBXFileReference; fileEncoding = 4; lastKnownFileType = sourcecode.c.h; path = MessageCommand.h; sourceTree = "<group>"; };
		C24330D51645B7950039A005 /* MessageCommand.m */ = {isa = PBXFileReference; fileEncoding = 4; lastKnownFileType = sourcecode.c.objc; path = MessageCommand.m; sourceTree = "<group>"; };
		C24330E71645BBC60039A005 /* GenericCommand.h */ = {isa = PBXFileReference; fileEncoding = 4; lastKnownFileType = sourcecode.c.h; path = GenericCommand.h; sourceTree = "<group>"; };
		C24330E81645BBC60039A005 /* GenericCommand.m */ = {isa = PBXFileReference; fileEncoding = 4; lastKnownFileType = sourcecode.c.objc; path = GenericCommand.m; sourceTree = "<group>"; };
		C28670F515A62418005DE3D5 /* UIKit.framework */ = {isa = PBXFileReference; lastKnownFileType = wrapper.framework; name = UIKit.framework; path = System/Library/Frameworks/UIKit.framework; sourceTree = SDKROOT; };
		C28670F715A62418005DE3D5 /* Foundation.framework */ = {isa = PBXFileReference; lastKnownFileType = wrapper.framework; name = Foundation.framework; path = System/Library/Frameworks/Foundation.framework; sourceTree = SDKROOT; };
		C28670F915A62418005DE3D5 /* CoreGraphics.framework */ = {isa = PBXFileReference; lastKnownFileType = wrapper.framework; name = CoreGraphics.framework; path = System/Library/Frameworks/CoreGraphics.framework; sourceTree = SDKROOT; };
		C28670FB15A62418005DE3D5 /* CoreData.framework */ = {isa = PBXFileReference; lastKnownFileType = wrapper.framework; name = CoreData.framework; path = System/Library/Frameworks/CoreData.framework; sourceTree = SDKROOT; };
		C286711215A62418005DE3D5 /* SenTestingKit.framework */ = {isa = PBXFileReference; lastKnownFileType = wrapper.framework; name = SenTestingKit.framework; path = Library/Frameworks/SenTestingKit.framework; sourceTree = DEVELOPER_DIR; };
		C29FE8B5165BFF28001A2C0D /* DebugKit.xcodeproj */ = {isa = PBXFileReference; lastKnownFileType = "wrapper.pb-project"; name = DebugKit.xcodeproj; path = ../../deps/DebugKit/DebugKit.xcodeproj; sourceTree = "<group>"; };
		C2AB6AB61661922900BC4A2B /* NoOpPacket.h */ = {isa = PBXFileReference; fileEncoding = 4; lastKnownFileType = sourcecode.c.h; path = NoOpPacket.h; sourceTree = "<group>"; };
		C2AB6AB71661922900BC4A2B /* NoOpPacket.m */ = {isa = PBXFileReference; fileEncoding = 4; lastKnownFileType = sourcecode.c.objc; path = NoOpPacket.m; sourceTree = "<group>"; };
		C2B3B0231655FA9000D0991B /* UIController.h */ = {isa = PBXFileReference; fileEncoding = 4; lastKnownFileType = sourcecode.c.h; path = UIController.h; sourceTree = "<group>"; };
		C2B3B0241655FA9000D0991B /* UIController.m */ = {isa = PBXFileReference; fileEncoding = 4; lastKnownFileType = sourcecode.c.objc; path = UIController.m; sourceTree = "<group>"; };
		C2B3B03E1657DBF000D0991B /* .gitignore */ = {isa = PBXFileReference; fileEncoding = 4; lastKnownFileType = text; path = .gitignore; sourceTree = "<group>"; };
		C2B3B03F1657DBF000D0991B /* MASPreferencesViewController.h */ = {isa = PBXFileReference; fileEncoding = 4; lastKnownFileType = sourcecode.c.h; path = MASPreferencesViewController.h; sourceTree = "<group>"; };
		C2B3B0401657DBF000D0991B /* MASPreferencesWindow.xib */ = {isa = PBXFileReference; fileEncoding = 4; lastKnownFileType = file.xib; path = MASPreferencesWindow.xib; sourceTree = "<group>"; };
		C2B3B0411657DBF000D0991B /* MASPreferencesWindowController.h */ = {isa = PBXFileReference; fileEncoding = 4; lastKnownFileType = sourcecode.c.h; path = MASPreferencesWindowController.h; sourceTree = "<group>"; };
		C2B3B0421657DBF000D0991B /* MASPreferencesWindowController.m */ = {isa = PBXFileReference; fileEncoding = 4; lastKnownFileType = sourcecode.c.objc; path = MASPreferencesWindowController.m; sourceTree = "<group>"; };
		C2B3B0431657DBF000D0991B /* README.md */ = {isa = PBXFileReference; fileEncoding = 4; lastKnownFileType = text; path = README.md; sourceTree = "<group>"; };
		C2B3B0481657DC6D00D0991B /* GeneralViewController.h */ = {isa = PBXFileReference; fileEncoding = 4; lastKnownFileType = sourcecode.c.h; path = GeneralViewController.h; sourceTree = "<group>"; };
		C2B3B0491657DC6D00D0991B /* GeneralViewController.m */ = {isa = PBXFileReference; fileEncoding = 4; lastKnownFileType = sourcecode.c.objc; path = GeneralViewController.m; sourceTree = "<group>"; };
		C2B3B04A1657DC6D00D0991B /* GeneralViewController.xib */ = {isa = PBXFileReference; fileEncoding = 4; lastKnownFileType = file.xib; path = GeneralViewController.xib; sourceTree = "<group>"; };
		C2B3B04D1657DC7400D0991B /* AdvancedViewController.h */ = {isa = PBXFileReference; fileEncoding = 4; lastKnownFileType = sourcecode.c.h; path = AdvancedViewController.h; sourceTree = "<group>"; };
		C2B3B04E1657DC7500D0991B /* AdvancedViewController.m */ = {isa = PBXFileReference; fileEncoding = 4; lastKnownFileType = sourcecode.c.objc; path = AdvancedViewController.m; sourceTree = "<group>"; };
		C2B3B04F1657DC7500D0991B /* AdvancedViewController.xib */ = {isa = PBXFileReference; fileEncoding = 4; lastKnownFileType = file.xib; path = AdvancedViewController.xib; sourceTree = "<group>"; };
		C2BA824B165B1D1E005C88DE /* NicknameHistory.h */ = {isa = PBXFileReference; fileEncoding = 4; lastKnownFileType = sourcecode.c.h; path = NicknameHistory.h; sourceTree = "<group>"; };
		C2BA824C165B1D1E005C88DE /* NicknameHistory.m */ = {isa = PBXFileReference; fileEncoding = 4; lastKnownFileType = sourcecode.c.objc; path = NicknameHistory.m; sourceTree = "<group>"; };
		C2CEA774165C0AB100C30869 /* Blamph-Icon.png */ = {isa = PBXFileReference; lastKnownFileType = image.png; path = "Blamph-Icon.png"; sourceTree = SOURCE_ROOT; };
		C2F1953D163F2628006D48A4 /* Cocoa.framework */ = {isa = PBXFileReference; lastKnownFileType = wrapper.framework; name = Cocoa.framework; path = Library/Frameworks/Cocoa.framework; sourceTree = DEVELOPER_DIR; };
		C2F19540163F2628006D48A4 /* AppKit.framework */ = {isa = PBXFileReference; lastKnownFileType = wrapper.framework; name = AppKit.framework; path = Library/Frameworks/AppKit.framework; sourceTree = SDKROOT; };
		C2F19541163F2628006D48A4 /* CoreData.framework */ = {isa = PBXFileReference; lastKnownFileType = wrapper.framework; name = CoreData.framework; path = Library/Frameworks/CoreData.framework; sourceTree = SDKROOT; };
		C2F19542163F2628006D48A4 /* Foundation.framework */ = {isa = PBXFileReference; lastKnownFileType = wrapper.framework; name = Foundation.framework; path = Library/Frameworks/Foundation.framework; sourceTree = SDKROOT; };
		C2F19572163F26E3006D48A4 /* Blamph.app */ = {isa = PBXFileReference; explicitFileType = wrapper.application; includeInIndex = 0; path = Blamph.app; sourceTree = BUILT_PRODUCTS_DIR; };
		C2F19577163F26E3006D48A4 /* Blamph-Info.plist */ = {isa = PBXFileReference; lastKnownFileType = text.plist.xml; path = "Blamph-Info.plist"; sourceTree = "<group>"; };
		C2F19579163F26E3006D48A4 /* en */ = {isa = PBXFileReference; lastKnownFileType = text.plist.strings; name = en; path = en.lproj/InfoPlist.strings; sourceTree = "<group>"; };
		C2F1957B163F26E3006D48A4 /* main.m */ = {isa = PBXFileReference; lastKnownFileType = sourcecode.c.objc; path = main.m; sourceTree = "<group>"; };
		C2F1957D163F26E3006D48A4 /* Blamph-Prefix.pch */ = {isa = PBXFileReference; lastKnownFileType = sourcecode.c.h; path = "Blamph-Prefix.pch"; sourceTree = "<group>"; };
		C2F1957F163F26E3006D48A4 /* en */ = {isa = PBXFileReference; lastKnownFileType = text.rtf; name = en; path = en.lproj/Credits.rtf; sourceTree = "<group>"; };
		C2F19581163F26E3006D48A4 /* AppDelegate.h */ = {isa = PBXFileReference; lastKnownFileType = sourcecode.c.h; path = AppDelegate.h; sourceTree = "<group>"; };
		C2F19582163F26E3006D48A4 /* AppDelegate.m */ = {isa = PBXFileReference; lastKnownFileType = sourcecode.c.objc; path = AppDelegate.m; sourceTree = "<group>"; };
		C2F19585163F26E3006D48A4 /* en */ = {isa = PBXFileReference; lastKnownFileType = file.xib; name = en; path = en.lproj/MainMenu.xib; sourceTree = "<group>"; };
		C2F1958C163F26E3006D48A4 /* BlamphTests.octest */ = {isa = PBXFileReference; explicitFileType = wrapper.cfbundle; includeInIndex = 0; path = BlamphTests.octest; sourceTree = BUILT_PRODUCTS_DIR; };
		C2F19593163F26E3006D48A4 /* BlamphTests-Info.plist */ = {isa = PBXFileReference; lastKnownFileType = text.plist.xml; path = "BlamphTests-Info.plist"; sourceTree = "<group>"; };
		C2F19595163F26E3006D48A4 /* en */ = {isa = PBXFileReference; lastKnownFileType = text.plist.strings; name = en; path = en.lproj/InfoPlist.strings; sourceTree = "<group>"; };
		C2F19597163F26E3006D48A4 /* BlamphTests.h */ = {isa = PBXFileReference; lastKnownFileType = sourcecode.c.h; path = BlamphTests.h; sourceTree = "<group>"; };
		C2F19598163F26E3006D48A4 /* BlamphTests.m */ = {isa = PBXFileReference; lastKnownFileType = sourcecode.c.objc; path = BlamphTests.m; sourceTree = "<group>"; };
		C2F195AD163F2C8B006D48A4 /* ICBClient.h */ = {isa = PBXFileReference; fileEncoding = 4; lastKnownFileType = sourcecode.c.h; path = ICBClient.h; sourceTree = "<group>"; };
		C2F195AE163F2C8B006D48A4 /* ICBClient.m */ = {isa = PBXFileReference; fileEncoding = 4; lastKnownFileType = sourcecode.c.objc; path = ICBClient.m; sourceTree = "<group>"; };
		C2F1963E163F33F9006D48A4 /* Blamph.entitlements */ = {isa = PBXFileReference; lastKnownFileType = text.xml; path = Blamph.entitlements; sourceTree = "<group>"; };
		C2F199CE16404A64006D48A4 /* BeepPacket.h */ = {isa = PBXFileReference; fileEncoding = 4; lastKnownFileType = sourcecode.c.h; path = BeepPacket.h; sourceTree = "<group>"; };
		C2F199CF16404A64006D48A4 /* BeepPacket.m */ = {isa = PBXFileReference; fileEncoding = 4; lastKnownFileType = sourcecode.c.objc; path = BeepPacket.m; sourceTree = "<group>"; };
		C2F199D016404A64006D48A4 /* ErrorPacket.h */ = {isa = PBXFileReference; fileEncoding = 4; lastKnownFileType = sourcecode.c.h; path = ErrorPacket.h; sourceTree = "<group>"; };
		C2F199D116404A64006D48A4 /* ErrorPacket.m */ = {isa = PBXFileReference; fileEncoding = 4; lastKnownFileType = sourcecode.c.objc; path = ErrorPacket.m; sourceTree = "<group>"; };
		C2F199D216404A64006D48A4 /* ExitPacket.h */ = {isa = PBXFileReference; fileEncoding = 4; lastKnownFileType = sourcecode.c.h; path = ExitPacket.h; sourceTree = "<group>"; };
		C2F199D316404A64006D48A4 /* ExitPacket.m */ = {isa = PBXFileReference; fileEncoding = 4; lastKnownFileType = sourcecode.c.objc; path = ExitPacket.m; sourceTree = "<group>"; };
		C2F199D416404A64006D48A4 /* ICBPacket.h */ = {isa = PBXFileReference; fileEncoding = 4; lastKnownFileType = sourcecode.c.h; path = ICBPacket.h; sourceTree = "<group>"; };
		C2F199D516404A64006D48A4 /* ICBPacket.m */ = {isa = PBXFileReference; fileEncoding = 4; lastKnownFileType = sourcecode.c.objc; path = ICBPacket.m; sourceTree = "<group>"; };
		C2F199D616404A64006D48A4 /* ICBProtocol-Info.plist */ = {isa = PBXFileReference; fileEncoding = 4; lastKnownFileType = text.plist.xml; path = "ICBProtocol-Info.plist"; sourceTree = "<group>"; };
		C2F199D716404A64006D48A4 /* ICBProtocol-Prefix.pch */ = {isa = PBXFileReference; fileEncoding = 4; lastKnownFileType = sourcecode.c.h; path = "ICBProtocol-Prefix.pch"; sourceTree = "<group>"; };
		C2F199D816404A64006D48A4 /* ICBProtocol.h */ = {isa = PBXFileReference; fileEncoding = 4; lastKnownFileType = sourcecode.c.h; path = ICBProtocol.h; sourceTree = "<group>"; };
		C2F199D916404A64006D48A4 /* ICBProtocol.m */ = {isa = PBXFileReference; fileEncoding = 4; lastKnownFileType = sourcecode.c.objc; path = ICBProtocol.m; sourceTree = "<group>"; };
		C2F199DA16404A64006D48A4 /* LoginPacket.h */ = {isa = PBXFileReference; fileEncoding = 4; lastKnownFileType = sourcecode.c.h; path = LoginPacket.h; sourceTree = "<group>"; };
		C2F199DB16404A64006D48A4 /* LoginPacket.m */ = {isa = PBXFileReference; fileEncoding = 4; lastKnownFileType = sourcecode.c.objc; path = LoginPacket.m; sourceTree = "<group>"; };
		C2F199DC16404A64006D48A4 /* OpenPacket.h */ = {isa = PBXFileReference; fileEncoding = 4; lastKnownFileType = sourcecode.c.h; path = OpenPacket.h; sourceTree = "<group>"; };
		C2F199DD16404A64006D48A4 /* OpenPacket.m */ = {isa = PBXFileReference; fileEncoding = 4; lastKnownFileType = sourcecode.c.objc; path = OpenPacket.m; sourceTree = "<group>"; };
		C2F199DE16404A64006D48A4 /* PersonalPacket.h */ = {isa = PBXFileReference; fileEncoding = 4; lastKnownFileType = sourcecode.c.h; path = PersonalPacket.h; sourceTree = "<group>"; };
		C2F199DF16404A64006D48A4 /* PersonalPacket.m */ = {isa = PBXFileReference; fileEncoding = 4; lastKnownFileType = sourcecode.c.objc; path = PersonalPacket.m; sourceTree = "<group>"; };
		C2F199E016404A64006D48A4 /* PingPacket.h */ = {isa = PBXFileReference; fileEncoding = 4; lastKnownFileType = sourcecode.c.h; path = PingPacket.h; sourceTree = "<group>"; };
		C2F199E116404A64006D48A4 /* PingPacket.m */ = {isa = PBXFileReference; fileEncoding = 4; lastKnownFileType = sourcecode.c.objc; path = PingPacket.m; sourceTree = "<group>"; };
		C2F199E216404A64006D48A4 /* PongPacket.h */ = {isa = PBXFileReference; fileEncoding = 4; lastKnownFileType = sourcecode.c.h; path = PongPacket.h; sourceTree = "<group>"; };
		C2F199E316404A64006D48A4 /* PongPacket.m */ = {isa = PBXFileReference; fileEncoding = 4; lastKnownFileType = sourcecode.c.objc; path = PongPacket.m; sourceTree = "<group>"; };
		C2F199E416404A64006D48A4 /* ProtocolPacket.h */ = {isa = PBXFileReference; fileEncoding = 4; lastKnownFileType = sourcecode.c.h; path = ProtocolPacket.h; sourceTree = "<group>"; };
		C2F199E516404A64006D48A4 /* ProtocolPacket.m */ = {isa = PBXFileReference; fileEncoding = 4; lastKnownFileType = sourcecode.c.objc; path = ProtocolPacket.m; sourceTree = "<group>"; };
		C2F199E616404A64006D48A4 /* StatusPacket.h */ = {isa = PBXFileReference; fileEncoding = 4; lastKnownFileType = sourcecode.c.h; path = StatusPacket.h; sourceTree = "<group>"; };
		C2F199E716404A64006D48A4 /* StatusPacket.m */ = {isa = PBXFileReference; fileEncoding = 4; lastKnownFileType = sourcecode.c.objc; path = StatusPacket.m; sourceTree = "<group>"; };
		C2F19A1D16404BC0006D48A4 /* CommandPacket.h */ = {isa = PBXFileReference; fileEncoding = 4; lastKnownFileType = sourcecode.c.h; path = CommandPacket.h; sourceTree = "<group>"; };
		C2F19A1E16404BC0006D48A4 /* CommandPacket.m */ = {isa = PBXFileReference; fileEncoding = 4; lastKnownFileType = sourcecode.c.objc; path = CommandPacket.m; sourceTree = "<group>"; };
		C2F19A2016404BDC006D48A4 /* CommandOutputPacket.h */ = {isa = PBXFileReference; fileEncoding = 4; lastKnownFileType = sourcecode.c.h; path = CommandOutputPacket.h; sourceTree = "<group>"; };
		C2F19A2116404BDC006D48A4 /* CommandOutputPacket.m */ = {isa = PBXFileReference; fileEncoding = 4; lastKnownFileType = sourcecode.c.objc; path = CommandOutputPacket.m; sourceTree = "<group>"; };
		C2F19A6716449B5B006D48A4 /* DateTimeUtils.h */ = {isa = PBXFileReference; fileEncoding = 4; lastKnownFileType = sourcecode.c.h; path = DateTimeUtils.h; sourceTree = "<group>"; };
		C2F19A6816449B5B006D48A4 /* DateTimeUtils.m */ = {isa = PBXFileReference; fileEncoding = 4; lastKnownFileType = sourcecode.c.objc; path = DateTimeUtils.m; sourceTree = "<group>"; };
/* End PBXFileReference section */

/* Begin PBXFrameworksBuildPhase section */
		C2F1956F163F26E3006D48A4 /* Frameworks */ = {
			isa = PBXFrameworksBuildPhase;
			buildActionMask = 2147483647;
			files = (
				C2F19574163F26E3006D48A4 /* Cocoa.framework in Frameworks */,
				C29FE8CC165BFFB8001A2C0D /* DebugKitFramework.framework in Frameworks */,
			);
			runOnlyForDeploymentPostprocessing = 0;
		};
		C2F19588163F26E3006D48A4 /* Frameworks */ = {
			isa = PBXFrameworksBuildPhase;
			buildActionMask = 2147483647;
			files = (
				C2F1958D163F26E3006D48A4 /* SenTestingKit.framework in Frameworks */,
				C2F1958E163F26E3006D48A4 /* Cocoa.framework in Frameworks */,
			);
			runOnlyForDeploymentPostprocessing = 0;
		};
/* End PBXFrameworksBuildPhase section */

/* Begin PBXGroup section */
		C28670E615A62418005DE3D5 = {
			isa = PBXGroup;
			children = (
				C29FE8B5165BFF28001A2C0D /* DebugKit.xcodeproj */,
				C2F199CD16404A64006D48A4 /* ICBProtocol */,
				C2B3B03D1657DBEF00D0991B /* MASPreferences */,
				C2F19575163F26E3006D48A4 /* Blamph */,
				C2F19591163F26E3006D48A4 /* BlamphTests */,
				C28670F415A62418005DE3D5 /* Frameworks */,
				C28670F215A62418005DE3D5 /* Products */,
			);
			sourceTree = "<group>";
		};
		C28670F215A62418005DE3D5 /* Products */ = {
			isa = PBXGroup;
			children = (
				C2F19572163F26E3006D48A4 /* Blamph.app */,
				C2F1958C163F26E3006D48A4 /* BlamphTests.octest */,
			);
			name = Products;
			sourceTree = "<group>";
		};
		C28670F415A62418005DE3D5 /* Frameworks */ = {
			isa = PBXGroup;
			children = (
				C28670F515A62418005DE3D5 /* UIKit.framework */,
				C28670F715A62418005DE3D5 /* Foundation.framework */,
				C28670F915A62418005DE3D5 /* CoreGraphics.framework */,
				C28670FB15A62418005DE3D5 /* CoreData.framework */,
				C286711215A62418005DE3D5 /* SenTestingKit.framework */,
				C2F1953D163F2628006D48A4 /* Cocoa.framework */,
				C2F1953F163F2628006D48A4 /* Other Frameworks */,
			);
			name = Frameworks;
			sourceTree = "<group>";
		};
		C29FE8B4165B6785001A2C0D /* Commands */ = {
			isa = PBXGroup;
			children = (
				C24330AA1645958A0039A005 /* ClientCommand.h */,
				C24330AB1645958A0039A005 /* ClientCommand.m */,
				C24330E71645BBC60039A005 /* GenericCommand.h */,
				C24330E81645BBC60039A005 /* GenericCommand.m */,
				C24330D41645B7950039A005 /* MessageCommand.h */,
				C24330D51645B7950039A005 /* MessageCommand.m */,
				C24330D11645B3780039A005 /* WriteMessageCommand.h */,
				C24330D21645B3780039A005 /* WriteMessageCommand.m */,
			);
			name = Commands;
			sourceTree = "<group>";
		};
		C29FE8B6165BFF28001A2C0D /* Products */ = {
			isa = PBXGroup;
			children = (
				C29FE8C0165BFF28001A2C0D /* DebugKitFramework.framework */,
				C29FE8C2165BFF28001A2C0D /* DebugKitTests.octest */,
				C29FE8C4165BFF28001A2C0D /* libDebugKitLibrary.a */,
				C29FE8C6165BFF28001A2C0D /* DebugKitLibraryTests.octest */,
			);
			name = Products;
			sourceTree = "<group>";
		};
		C2B3B03D1657DBEF00D0991B /* MASPreferences */ = {
			isa = PBXGroup;
			children = (
				C2B3B03E1657DBF000D0991B /* .gitignore */,
				C2B3B03F1657DBF000D0991B /* MASPreferencesViewController.h */,
				C2B3B0401657DBF000D0991B /* MASPreferencesWindow.xib */,
				C2B3B0411657DBF000D0991B /* MASPreferencesWindowController.h */,
				C2B3B0421657DBF000D0991B /* MASPreferencesWindowController.m */,
				C2B3B0431657DBF000D0991B /* README.md */,
			);
			name = MASPreferences;
			path = ../../deps/MASPreferences;
			sourceTree = "<group>";
		};
		C2F1953F163F2628006D48A4 /* Other Frameworks */ = {
			isa = PBXGroup;
			children = (
				C2F19540163F2628006D48A4 /* AppKit.framework */,
				C2F19541163F2628006D48A4 /* CoreData.framework */,
				C2F19542163F2628006D48A4 /* Foundation.framework */,
			);
			name = "Other Frameworks";
			sourceTree = "<group>";
		};
		C2F19575163F26E3006D48A4 /* Blamph */ = {
			isa = PBXGroup;
			children = (
				C29FE8B4165B6785001A2C0D /* Commands */,
				C2F19581163F26E3006D48A4 /* AppDelegate.h */,
				C2F19582163F26E3006D48A4 /* AppDelegate.m */,
				C2F19A6716449B5B006D48A4 /* DateTimeUtils.h */,
				C2F19A6816449B5B006D48A4 /* DateTimeUtils.m */,
				C2F195AD163F2C8B006D48A4 /* ICBClient.h */,
				C2F195AE163F2C8B006D48A4 /* ICBClient.m */,
				C2BA824B165B1D1E005C88DE /* NicknameHistory.h */,
				C2BA824C165B1D1E005C88DE /* NicknameHistory.m */,
				C2B3B0231655FA9000D0991B /* UIController.h */,
				C2B3B0241655FA9000D0991B /* UIController.m */,
				C2B3B0481657DC6D00D0991B /* GeneralViewController.h */,
				C2B3B0491657DC6D00D0991B /* GeneralViewController.m */,
				C2B3B04D1657DC7400D0991B /* AdvancedViewController.h */,
				C2B3B04E1657DC7500D0991B /* AdvancedViewController.m */,
				C2F19576163F26E3006D48A4 /* Supporting Files */,
			);
			path = Blamph;
			sourceTree = "<group>";
		};
		C2F19576163F26E3006D48A4 /* Supporting Files */ = {
			isa = PBXGroup;
			children = (
				C2F1963E163F33F9006D48A4 /* Blamph.entitlements */,
				C2CEA774165C0AB100C30869 /* Blamph-Icon.png */,
				C2F19577163F26E3006D48A4 /* Blamph-Info.plist */,
				C2F1957D163F26E3006D48A4 /* Blamph-Prefix.pch */,
				C2F19578163F26E3006D48A4 /* InfoPlist.strings */,
				C2F1957B163F26E3006D48A4 /* main.m */,
				C2F19584163F26E3006D48A4 /* MainMenu.xib */,
				C2B3B04A1657DC6D00D0991B /* GeneralViewController.xib */,
				C2B3B04F1657DC7500D0991B /* AdvancedViewController.xib */,
				C2F1957E163F26E3006D48A4 /* Credits.rtf */,
			);
			name = "Supporting Files";
			sourceTree = "<group>";
		};
		C2F19591163F26E3006D48A4 /* BlamphTests */ = {
			isa = PBXGroup;
			children = (
				C2F19597163F26E3006D48A4 /* BlamphTests.h */,
				C2F19598163F26E3006D48A4 /* BlamphTests.m */,
				C2F19592163F26E3006D48A4 /* Supporting Files */,
			);
			path = BlamphTests;
			sourceTree = "<group>";
		};
		C2F19592163F26E3006D48A4 /* Supporting Files */ = {
			isa = PBXGroup;
			children = (
				C2F19593163F26E3006D48A4 /* BlamphTests-Info.plist */,
				C2F19594163F26E3006D48A4 /* InfoPlist.strings */,
			);
			name = "Supporting Files";
			sourceTree = "<group>";
		};
		C2F199CD16404A64006D48A4 /* ICBProtocol */ = {
			isa = PBXGroup;
			children = (
				C2F199CE16404A64006D48A4 /* BeepPacket.h */,
				C2F199CF16404A64006D48A4 /* BeepPacket.m */,
				C2F19A2016404BDC006D48A4 /* CommandOutputPacket.h */,
				C2F19A2116404BDC006D48A4 /* CommandOutputPacket.m */,
				C2F19A1D16404BC0006D48A4 /* CommandPacket.h */,
				C2F19A1E16404BC0006D48A4 /* CommandPacket.m */,
				C2F199D016404A64006D48A4 /* ErrorPacket.h */,
				C2F199D116404A64006D48A4 /* ErrorPacket.m */,
				C2F199D216404A64006D48A4 /* ExitPacket.h */,
				C2F199D316404A64006D48A4 /* ExitPacket.m */,
				C2F199D416404A64006D48A4 /* ICBPacket.h */,
				C2F199D516404A64006D48A4 /* ICBPacket.m */,
				C2F199D616404A64006D48A4 /* ICBProtocol-Info.plist */,
				C2F199D716404A64006D48A4 /* ICBProtocol-Prefix.pch */,
				C2F199D816404A64006D48A4 /* ICBProtocol.h */,
				C2F199D916404A64006D48A4 /* ICBProtocol.m */,
				C2F199DA16404A64006D48A4 /* LoginPacket.h */,
				C2F199DB16404A64006D48A4 /* LoginPacket.m */,
				C2AB6AB61661922900BC4A2B /* NoOpPacket.h */,
				C2AB6AB71661922900BC4A2B /* NoOpPacket.m */,
				C2F199DC16404A64006D48A4 /* OpenPacket.h */,
				C2F199DD16404A64006D48A4 /* OpenPacket.m */,
				C2F199DE16404A64006D48A4 /* PersonalPacket.h */,
				C2F199DF16404A64006D48A4 /* PersonalPacket.m */,
				C2F199E016404A64006D48A4 /* PingPacket.h */,
				C2F199E116404A64006D48A4 /* PingPacket.m */,
				C2F199E216404A64006D48A4 /* PongPacket.h */,
				C2F199E316404A64006D48A4 /* PongPacket.m */,
				C2F199E416404A64006D48A4 /* ProtocolPacket.h */,
				C2F199E516404A64006D48A4 /* ProtocolPacket.m */,
				C2F199E616404A64006D48A4 /* StatusPacket.h */,
				C2F199E716404A64006D48A4 /* StatusPacket.m */,
			);
			name = ICBProtocol;
			path = ../../protocol/ICBProtocol/ICBProtocol;
			sourceTree = "<group>";
		};
/* End PBXGroup section */

/* Begin PBXNativeTarget section */
		C2F19571163F26E3006D48A4 /* Blamph */ = {
			isa = PBXNativeTarget;
			buildConfigurationList = C2F1959A163F26E3006D48A4 /* Build configuration list for PBXNativeTarget "Blamph" */;
			buildPhases = (
				C29FE8A5165B5DC1001A2C0D /* ShellScript */,
				C2F1956E163F26E3006D48A4 /* Sources */,
				C2F1956F163F26E3006D48A4 /* Frameworks */,
				C2F19570163F26E3006D48A4 /* Resources */,
				C2CEA772165C040700C30869 /* CopyFiles */,
			);
			buildRules = (
			);
			dependencies = (
				C29FE8CB165BFFB4001A2C0D /* PBXTargetDependency */,
			);
			name = Blamph;
			productName = Blamph;
			productReference = C2F19572163F26E3006D48A4 /* Blamph.app */;
			productType = "com.apple.product-type.application";
		};
		C2F1958B163F26E3006D48A4 /* BlamphTests */ = {
			isa = PBXNativeTarget;
			buildConfigurationList = C2F1959D163F26E3006D48A4 /* Build configuration list for PBXNativeTarget "BlamphTests" */;
			buildPhases = (
				C2F19587163F26E3006D48A4 /* Sources */,
				C2F19588163F26E3006D48A4 /* Frameworks */,
				C2F19589163F26E3006D48A4 /* Resources */,
				C2F1958A163F26E3006D48A4 /* ShellScript */,
			);
			buildRules = (
			);
			dependencies = (
				C2F19590163F26E3006D48A4 /* PBXTargetDependency */,
			);
			name = BlamphTests;
			productName = BlamphTests;
			productReference = C2F1958C163F26E3006D48A4 /* BlamphTests.octest */;
			productType = "com.apple.product-type.bundle";
		};
/* End PBXNativeTarget section */

/* Begin PBXProject section */
		C28670E815A62418005DE3D5 /* Project object */ = {
			isa = PBXProject;
			attributes = {
				LastUpgradeCheck = 0430;
				ORGANIZATIONNAME = "Nuclear Bunny Studios, LLC";
			};
			buildConfigurationList = C28670EB15A62418005DE3D5 /* Build configuration list for PBXProject "Blamph" */;
			compatibilityVersion = "Xcode 3.2";
			developmentRegion = English;
			hasScannedForEncodings = 0;
			knownRegions = (
				en,
			);
			mainGroup = C28670E615A62418005DE3D5;
			productRefGroup = C28670F215A62418005DE3D5 /* Products */;
			projectDirPath = "";
			projectReferences = (
				{
					ProductGroup = C29FE8B6165BFF28001A2C0D /* Products */;
					ProjectRef = C29FE8B5165BFF28001A2C0D /* DebugKit.xcodeproj */;
				},
			);
			projectRoot = "";
			targets = (
				C2F19571163F26E3006D48A4 /* Blamph */,
				C2F1958B163F26E3006D48A4 /* BlamphTests */,
			);
		};
/* End PBXProject section */

/* Begin PBXReferenceProxy section */
		C29FE8C0165BFF28001A2C0D /* DebugKitFramework.framework */ = {
			isa = PBXReferenceProxy;
			fileType = wrapper.framework;
			path = DebugKitFramework.framework;
			remoteRef = C29FE8BF165BFF28001A2C0D /* PBXContainerItemProxy */;
			sourceTree = BUILT_PRODUCTS_DIR;
		};
		C29FE8C2165BFF28001A2C0D /* DebugKitTests.octest */ = {
			isa = PBXReferenceProxy;
			fileType = wrapper.cfbundle;
			name = DebugKitTests.octest;
			path = DebugKitFrameworkTests.octest;
			remoteRef = C29FE8C1165BFF28001A2C0D /* PBXContainerItemProxy */;
			sourceTree = BUILT_PRODUCTS_DIR;
		};
		C29FE8C4165BFF28001A2C0D /* libDebugKitLibrary.a */ = {
			isa = PBXReferenceProxy;
			fileType = archive.ar;
			path = libDebugKitLibrary.a;
			remoteRef = C29FE8C3165BFF28001A2C0D /* PBXContainerItemProxy */;
			sourceTree = BUILT_PRODUCTS_DIR;
		};
		C29FE8C6165BFF28001A2C0D /* DebugKitLibraryTests.octest */ = {
			isa = PBXReferenceProxy;
			fileType = wrapper.cfbundle;
			path = DebugKitLibraryTests.octest;
			remoteRef = C29FE8C5165BFF28001A2C0D /* PBXContainerItemProxy */;
			sourceTree = BUILT_PRODUCTS_DIR;
		};
/* End PBXReferenceProxy section */

/* Begin PBXResourcesBuildPhase section */
		C2F19570163F26E3006D48A4 /* Resources */ = {
			isa = PBXResourcesBuildPhase;
			buildActionMask = 2147483647;
			files = (
				C2F1957A163F26E3006D48A4 /* InfoPlist.strings in Resources */,
				C2F19580163F26E3006D48A4 /* Credits.rtf in Resources */,
				C2F19586163F26E3006D48A4 /* MainMenu.xib in Resources */,
				C2F199F016404A64006D48A4 /* ICBProtocol-Info.plist in Resources */,
				C2B3B0441657DBF000D0991B /* .gitignore in Resources */,
				C2B3B0451657DBF000D0991B /* MASPreferencesWindow.xib in Resources */,
				C2B3B0471657DBF000D0991B /* README.md in Resources */,
				C2B3B04C1657DC6D00D0991B /* GeneralViewController.xib in Resources */,
				C2B3B0511657DC7500D0991B /* AdvancedViewController.xib in Resources */,
				C2CEA775165C0AB100C30869 /* Blamph-Icon.png in Resources */,
			);
			runOnlyForDeploymentPostprocessing = 0;
		};
		C2F19589163F26E3006D48A4 /* Resources */ = {
			isa = PBXResourcesBuildPhase;
			buildActionMask = 2147483647;
			files = (
				C2F19596163F26E3006D48A4 /* InfoPlist.strings in Resources */,
				C2F199F116404A64006D48A4 /* ICBProtocol-Info.plist in Resources */,
			);
			runOnlyForDeploymentPostprocessing = 0;
		};
/* End PBXResourcesBuildPhase section */

/* Begin PBXShellScriptBuildPhase section */
		C29FE8A5165B5DC1001A2C0D /* ShellScript */ = {
			isa = PBXShellScriptBuildPhase;
			buildActionMask = 2147483647;
			files = (
			);
			inputPaths = (
			);
			outputPaths = (
			);
			runOnlyForDeploymentPostprocessing = 0;
			shellPath = /bin/sh;
			shellScript = "${SRCROOT}/Blamph/version.sh";
		};
		C2F1958A163F26E3006D48A4 /* ShellScript */ = {
			isa = PBXShellScriptBuildPhase;
			buildActionMask = 2147483647;
			files = (
			);
			inputPaths = (
			);
			outputPaths = (
			);
			runOnlyForDeploymentPostprocessing = 0;
			shellPath = /bin/sh;
			shellScript = "# Run the unit tests in this test bundle.\n\"${SYSTEM_DEVELOPER_DIR}/Tools/RunUnitTests\"\n";
		};
/* End PBXShellScriptBuildPhase section */

/* Begin PBXSourcesBuildPhase section */
		C2F1956E163F26E3006D48A4 /* Sources */ = {
			isa = PBXSourcesBuildPhase;
			buildActionMask = 2147483647;
			files = (
				C2F1957C163F26E3006D48A4 /* main.m in Sources */,
				C2F19583163F26E3006D48A4 /* AppDelegate.m in Sources */,
				C2F195AF163F2C8B006D48A4 /* ICBClient.m in Sources */,
				C2F199E816404A64006D48A4 /* BeepPacket.m in Sources */,
				C2F199EA16404A64006D48A4 /* ErrorPacket.m in Sources */,
				C2F199EC16404A64006D48A4 /* ExitPacket.m in Sources */,
				C2F199EE16404A64006D48A4 /* ICBPacket.m in Sources */,
				C2F199F216404A64006D48A4 /* ICBProtocol.m in Sources */,
				C2F199F416404A64006D48A4 /* LoginPacket.m in Sources */,
				C2F199F616404A64006D48A4 /* OpenPacket.m in Sources */,
				C2F199F816404A64006D48A4 /* PersonalPacket.m in Sources */,
				C2F199FA16404A64006D48A4 /* PingPacket.m in Sources */,
				C2F199FC16404A64006D48A4 /* PongPacket.m in Sources */,
				C2F199FE16404A64006D48A4 /* ProtocolPacket.m in Sources */,
				C2F19A0016404A64006D48A4 /* StatusPacket.m in Sources */,
				C2F19A1F16404BC0006D48A4 /* CommandPacket.m in Sources */,
				C2F19A2216404BDC006D48A4 /* CommandOutputPacket.m in Sources */,
				C2F19A6916449B5B006D48A4 /* DateTimeUtils.m in Sources */,
				C24330AC1645958A0039A005 /* ClientCommand.m in Sources */,
				C24330D31645B3780039A005 /* WriteMessageCommand.m in Sources */,
				C24330D61645B7950039A005 /* MessageCommand.m in Sources */,
				C24330E91645BBC60039A005 /* GenericCommand.m in Sources */,
				C2B3B0251655FA9000D0991B /* UIController.m in Sources */,
				C2B3B0461657DBF000D0991B /* MASPreferencesWindowController.m in Sources */,
				C2B3B04B1657DC6D00D0991B /* GeneralViewController.m in Sources */,
				C2B3B0501657DC7500D0991B /* AdvancedViewController.m in Sources */,
				C2BA824D165B1D1E005C88DE /* NicknameHistory.m in Sources */,
				C2AB6AB81661922900BC4A2B /* NoOpPacket.m in Sources */,
			);
			runOnlyForDeploymentPostprocessing = 0;
		};
		C2F19587163F26E3006D48A4 /* Sources */ = {
			isa = PBXSourcesBuildPhase;
			buildActionMask = 2147483647;
			files = (
				C2F19599163F26E3006D48A4 /* BlamphTests.m in Sources */,
				C2F199E916404A64006D48A4 /* BeepPacket.m in Sources */,
				C2F199EB16404A64006D48A4 /* ErrorPacket.m in Sources */,
				C2F199ED16404A64006D48A4 /* ExitPacket.m in Sources */,
				C2F199EF16404A64006D48A4 /* ICBPacket.m in Sources */,
				C2F199F316404A64006D48A4 /* ICBProtocol.m in Sources */,
				C2F199F516404A64006D48A4 /* LoginPacket.m in Sources */,
				C2F199F716404A64006D48A4 /* OpenPacket.m in Sources */,
				C2F199F916404A64006D48A4 /* PersonalPacket.m in Sources */,
				C2F199FB16404A64006D48A4 /* PingPacket.m in Sources */,
				C2F199FD16404A64006D48A4 /* PongPacket.m in Sources */,
				C2F199FF16404A64006D48A4 /* ProtocolPacket.m in Sources */,
				C2F19A0116404A64006D48A4 /* StatusPacket.m in Sources */,
			);
			runOnlyForDeploymentPostprocessing = 0;
		};
/* End PBXSourcesBuildPhase section */

/* Begin PBXTargetDependency section */
		C29FE8CB165BFFB4001A2C0D /* PBXTargetDependency */ = {
			isa = PBXTargetDependency;
			name = DebugKitFramework;
			targetProxy = C29FE8CA165BFFB4001A2C0D /* PBXContainerItemProxy */;
		};
		C2F19590163F26E3006D48A4 /* PBXTargetDependency */ = {
			isa = PBXTargetDependency;
			target = C2F19571163F26E3006D48A4 /* Blamph */;
			targetProxy = C2F1958F163F26E3006D48A4 /* PBXContainerItemProxy */;
		};
/* End PBXTargetDependency section */

/* Begin PBXVariantGroup section */
		C2F19578163F26E3006D48A4 /* InfoPlist.strings */ = {
			isa = PBXVariantGroup;
			children = (
				C2F19579163F26E3006D48A4 /* en */,
			);
			name = InfoPlist.strings;
			sourceTree = "<group>";
		};
		C2F1957E163F26E3006D48A4 /* Credits.rtf */ = {
			isa = PBXVariantGroup;
			children = (
				C2F1957F163F26E3006D48A4 /* en */,
			);
			name = Credits.rtf;
			sourceTree = "<group>";
		};
		C2F19584163F26E3006D48A4 /* MainMenu.xib */ = {
			isa = PBXVariantGroup;
			children = (
				C2F19585163F26E3006D48A4 /* en */,
			);
			name = MainMenu.xib;
			sourceTree = "<group>";
		};
		C2F19594163F26E3006D48A4 /* InfoPlist.strings */ = {
			isa = PBXVariantGroup;
			children = (
				C2F19595163F26E3006D48A4 /* en */,
			);
			name = InfoPlist.strings;
			sourceTree = "<group>";
		};
/* End PBXVariantGroup section */

/* Begin XCBuildConfiguration section */
		C286712215A62418005DE3D5 /* Debug */ = {
			isa = XCBuildConfiguration;
			buildSettings = {
				ALWAYS_SEARCH_USER_PATHS = NO;
				ARCHS = "$(ARCHS_STANDARD_32_BIT)";
				CLANG_ENABLE_OBJC_ARC = YES;
				"CODE_SIGN_IDENTITY[sdk=iphoneos*]" = "iPhone Developer";
				COPY_PHASE_STRIP = NO;
				GCC_C_LANGUAGE_STANDARD = gnu99;
				GCC_DYNAMIC_NO_PIC = NO;
				GCC_OPTIMIZATION_LEVEL = 0;
				GCC_PREPROCESSOR_DEFINITIONS = (
					"DEBUG=1",
					"$(inherited)",
				);
				GCC_SYMBOLS_PRIVATE_EXTERN = NO;
				GCC_VERSION = com.apple.compilers.llvm.clang.1_0;
				GCC_WARN_ABOUT_RETURN_TYPE = YES;
				GCC_WARN_UNINITIALIZED_AUTOS = YES;
				GCC_WARN_UNUSED_VARIABLE = YES;
				INFOPLIST_FILE = "Blamph/Blamph-Info.plist";
				IPHONEOS_DEPLOYMENT_TARGET = 5.1;
				OTHER_LDFLAGS = (
					"-ObjC",
					"-all_load",
				);
				SDKROOT = iphoneos;
				TARGETED_DEVICE_FAMILY = "1,2";
				USER_HEADER_SEARCH_PATHS = "${BUILT_PRODUCTS_DIR}";
			};
			name = Debug;
		};
		C286712315A62418005DE3D5 /* Release */ = {
			isa = XCBuildConfiguration;
			buildSettings = {
				ALWAYS_SEARCH_USER_PATHS = NO;
				ARCHS = "$(ARCHS_STANDARD_32_BIT)";
				CLANG_ENABLE_OBJC_ARC = YES;
				"CODE_SIGN_IDENTITY[sdk=iphoneos*]" = "iPhone Developer";
				COPY_PHASE_STRIP = YES;
				GCC_C_LANGUAGE_STANDARD = gnu99;
				GCC_VERSION = com.apple.compilers.llvm.clang.1_0;
				GCC_WARN_ABOUT_RETURN_TYPE = YES;
				GCC_WARN_UNINITIALIZED_AUTOS = YES;
				GCC_WARN_UNUSED_VARIABLE = YES;
				INFOPLIST_FILE = "Blamph/Blamph-Info.plist";
				IPHONEOS_DEPLOYMENT_TARGET = 5.1;
				OTHER_CFLAGS = "-DNS_BLOCK_ASSERTIONS=1";
				OTHER_LDFLAGS = (
					"-ObjC",
					"-all_load",
				);
				SDKROOT = iphoneos;
				TARGETED_DEVICE_FAMILY = "1,2";
				USER_HEADER_SEARCH_PATHS = "${BUILT_PRODUCTS_DIR}";
				VALIDATE_PRODUCT = YES;
			};
			name = Release;
		};
		C2F1959B163F26E3006D48A4 /* Debug */ = {
			isa = XCBuildConfiguration;
			buildSettings = {
				ARCHS = "$(ARCHS_STANDARD_64_BIT)";
				CLANG_CXX_LANGUAGE_STANDARD = "gnu++0x";
				CLANG_CXX_LIBRARY = "libc++";
				CLANG_WARN_EMPTY_BODY = YES;
				CLANG_WARN__DUPLICATE_METHOD_MATCH = YES;
				CODE_SIGN_ENTITLEMENTS = Blamph/Blamph.entitlements;
				COMBINE_HIDPI_IMAGES = YES;
				FRAMEWORK_SEARCH_PATHS = (
					"$(inherited)",
					"\"$(SYSTEM_APPS_DIR)/Xcode.app/Contents/Developer/Library/Frameworks\"",
				);
				GCC_ENABLE_OBJC_EXCEPTIONS = YES;
				GCC_PRECOMPILE_PREFIX_HEADER = YES;
				GCC_PREFIX_HEADER = "Blamph/Blamph-Prefix.pch";
				GCC_WARN_64_TO_32_BIT_CONVERSION = YES;
				HEADER_SEARCH_PATHS = "$(BUILT_PRODUCTS_DIR)/usr/local/include";
				INFOPLIST_FILE = "Blamph/Blamph-Info.plist";
				MACOSX_DEPLOYMENT_TARGET = 10.8;
				ONLY_ACTIVE_ARCH = YES;
				PRODUCT_NAME = "$(TARGET_NAME)";
				SDKROOT = macosx;
				WRAPPER_EXTENSION = app;
			};
			name = Debug;
		};
		C2F1959C163F26E3006D48A4 /* Release */ = {
			isa = XCBuildConfiguration;
			buildSettings = {
				ARCHS = "$(ARCHS_STANDARD_64_BIT)";
				CLANG_CXX_LANGUAGE_STANDARD = "gnu++0x";
				CLANG_CXX_LIBRARY = "libc++";
				CLANG_WARN_EMPTY_BODY = YES;
				CLANG_WARN__DUPLICATE_METHOD_MATCH = YES;
				CODE_SIGN_ENTITLEMENTS = Blamph/Blamph.entitlements;
				COMBINE_HIDPI_IMAGES = YES;
				DEBUG_INFORMATION_FORMAT = "dwarf-with-dsym";
				FRAMEWORK_SEARCH_PATHS = (
					"$(inherited)",
					"\"$(SYSTEM_APPS_DIR)/Xcode.app/Contents/Developer/Library/Frameworks\"",
				);
				GCC_ENABLE_OBJC_EXCEPTIONS = YES;
				GCC_PRECOMPILE_PREFIX_HEADER = YES;
				GCC_PREFIX_HEADER = "Blamph/Blamph-Prefix.pch";
				GCC_WARN_64_TO_32_BIT_CONVERSION = YES;
				HEADER_SEARCH_PATHS = "$(BUILT_PRODUCTS_DIR)/usr/local/include";
				INFOPLIST_FILE = "Blamph/Blamph-Info.plist";
				MACOSX_DEPLOYMENT_TARGET = 10.8;
				PRODUCT_NAME = "$(TARGET_NAME)";
				SDKROOT = macosx;
				WRAPPER_EXTENSION = app;
			};
			name = Release;
		};
		C2F1959E163F26E3006D48A4 /* Debug */ = {
			isa = XCBuildConfiguration;
			buildSettings = {
				ARCHS = "$(ARCHS_STANDARD_64_BIT)";
				BUNDLE_LOADER = "$(BUILT_PRODUCTS_DIR)/Blamph.app/Contents/MacOS/Blamph";
				CLANG_CXX_LANGUAGE_STANDARD = "gnu++0x";
				CLANG_CXX_LIBRARY = "libc++";
				CLANG_WARN_EMPTY_BODY = YES;
				CLANG_WARN__DUPLICATE_METHOD_MATCH = YES;
				COMBINE_HIDPI_IMAGES = YES;
				FRAMEWORK_SEARCH_PATHS = "\"$(DEVELOPER_LIBRARY_DIR)/Frameworks\"";
				GCC_ENABLE_OBJC_EXCEPTIONS = YES;
				GCC_PRECOMPILE_PREFIX_HEADER = YES;
				GCC_PREFIX_HEADER = "Blamph/Blamph-Prefix.pch";
				GCC_WARN_64_TO_32_BIT_CONVERSION = YES;
				INFOPLIST_FILE = "BlamphTests/BlamphTests-Info.plist";
				MACOSX_DEPLOYMENT_TARGET = 10.8;
				ONLY_ACTIVE_ARCH = YES;
				PRODUCT_NAME = "$(TARGET_NAME)";
				SDKROOT = macosx;
				TEST_HOST = "$(BUNDLE_LOADER)";
				WRAPPER_EXTENSION = octest;
			};
			name = Debug;
		};
		C2F1959F163F26E3006D48A4 /* Release */ = {
			isa = XCBuildConfiguration;
			buildSettings = {
				ARCHS = "$(ARCHS_STANDARD_64_BIT)";
				BUNDLE_LOADER = "$(BUILT_PRODUCTS_DIR)/Blamph.app/Contents/MacOS/Blamph";
				CLANG_CXX_LANGUAGE_STANDARD = "gnu++0x";
				CLANG_CXX_LIBRARY = "libc++";
				CLANG_WARN_EMPTY_BODY = YES;
				CLANG_WARN__DUPLICATE_METHOD_MATCH = YES;
				COMBINE_HIDPI_IMAGES = YES;
				DEBUG_INFORMATION_FORMAT = "dwarf-with-dsym";
				FRAMEWORK_SEARCH_PATHS = "\"$(DEVELOPER_LIBRARY_DIR)/Frameworks\"";
				GCC_ENABLE_OBJC_EXCEPTIONS = YES;
				GCC_PRECOMPILE_PREFIX_HEADER = YES;
				GCC_PREFIX_HEADER = "Blamph/Blamph-Prefix.pch";
				GCC_WARN_64_TO_32_BIT_CONVERSION = YES;
				INFOPLIST_FILE = "BlamphTests/BlamphTests-Info.plist";
				MACOSX_DEPLOYMENT_TARGET = 10.8;
				PRODUCT_NAME = "$(TARGET_NAME)";
				SDKROOT = macosx;
				TEST_HOST = "$(BUNDLE_LOADER)";
				WRAPPER_EXTENSION = octest;
			};
			name = Release;
		};
/* End XCBuildConfiguration section */

/* Begin XCConfigurationList section */
		C28670EB15A62418005DE3D5 /* Build configuration list for PBXProject "Blamph" */ = {
			isa = XCConfigurationList;
			buildConfigurations = (
				C286712215A62418005DE3D5 /* Debug */,
				C286712315A62418005DE3D5 /* Release */,
			);
			defaultConfigurationIsVisible = 0;
			defaultConfigurationName = Release;
		};
		C2F1959A163F26E3006D48A4 /* Build configuration list for PBXNativeTarget "Blamph" */ = {
			isa = XCConfigurationList;
			buildConfigurations = (
				C2F1959B163F26E3006D48A4 /* Debug */,
				C2F1959C163F26E3006D48A4 /* Release */,
			);
			defaultConfigurationIsVisible = 0;
			defaultConfigurationName = Release;
		};
		C2F1959D163F26E3006D48A4 /* Build configuration list for PBXNativeTarget "BlamphTests" */ = {
			isa = XCConfigurationList;
			buildConfigurations = (
				C2F1959E163F26E3006D48A4 /* Debug */,
				C2F1959F163F26E3006D48A4 /* Release */,
			);
			defaultConfigurationIsVisible = 0;
			defaultConfigurationName = Release;
		};
/* End XCConfigurationList section */
	};
	rootObject = C28670E815A62418005DE3D5 /* Project object */;
}
